
Microsoft Visual Studio Solution File, Format Version 12.00
# Visual Studio Version 16
VisualStudioVersion = 16.0.30014.187
MinimumVisualStudioVersion = 10.0.40219.1
Project("{9A19103F-16F7-4668-BE54-9A1E7A4F7556}") = "LambentLight", "LambentLight\LambentLight.csproj", "{EA110F39-E2D7-43B4-814B-361C2591B36A}"
EndProject
Project("{FAE04EC0-301F-11D3-BF4B-00C04F79EFBC}") = "ConsoleControl", "ConsoleControl\source\ConsoleControl\ConsoleControl.csproj", "{737CC7F2-EC7C-4800-B7EB-72637E892C42}"
EndProject
Project("{FAE04EC0-301F-11D3-BF4B-00C04F79EFBC}") = "ConsoleControlAPI", "ConsoleControl\source\ConsoleControlAPI\ConsoleControlAPI.csproj", "{A4B8573F-EBFC-4140-B8AA-7C037919EF57}"
EndProject
Project("{FAE04EC0-301F-11D3-BF4B-00C04F79EFBC}") = "LambentLight.Daemon", "LambentLight.Daemon\LambentLight.Daemon.csproj", "{55520250-5375-4DDF-B090-A2A23D202F0C}"
EndProject
Global
	GlobalSection(SolutionConfigurationPlatforms) = preSolution
		Debug|Any CPU = Debug|Any CPU
		Release|Any CPU = Release|Any CPU
	EndGlobalSection
	GlobalSection(ProjectConfigurationPlatforms) = postSolution
		{EA110F39-E2D7-43B4-814B-361C2591B36A}.Debug|Any CPU.ActiveCfg = Debug|Any CPU
		{EA110F39-E2D7-43B4-814B-361C2591B36A}.Debug|Any CPU.Build.0 = Debug|Any CPU
		{EA110F39-E2D7-43B4-814B-361C2591B36A}.Release|Any CPU.ActiveCfg = Release|Any CPU
		{EA110F39-E2D7-43B4-814B-361C2591B36A}.Release|Any CPU.Build.0 = Release|Any CPU
		{737CC7F2-EC7C-4800-B7EB-72637E892C42}.Debug|Any CPU.ActiveCfg = Debug|Any CPU
		{737CC7F2-EC7C-4800-B7EB-72637E892C42}.Debug|Any CPU.Build.0 = Debug|Any CPU
		{737CC7F2-EC7C-4800-B7EB-72637E892C42}.Release|Any CPU.ActiveCfg = Release|Any CPU
		{737CC7F2-EC7C-4800-B7EB-72637E892C42}.Release|Any CPU.Build.0 = Release|Any CPU
		{A4B8573F-EBFC-4140-B8AA-7C037919EF57}.Debug|Any CPU.ActiveCfg = Debug|Any CPU
		{A4B8573F-EBFC-4140-B8AA-7C037919EF57}.Debug|Any CPU.Build.0 = Debug|Any CPU
		{A4B8573F-EBFC-4140-B8AA-7C037919EF57}.Release|Any CPU.ActiveCfg = Release|Any CPU
		{A4B8573F-EBFC-4140-B8AA-7C037919EF57}.Release|Any CPU.Build.0 = Release|Any CPU
		{55520250-5375-4DDF-B090-A2A23D202F0C}.Debug|Any CPU.ActiveCfg = Debug|Any CPU
		{55520250-5375-4DDF-B090-A2A23D202F0C}.Debug|Any CPU.Build.0 = Debug|Any CPU
		{55520250-5375-4DDF-B090-A2A23D202F0C}.Release|Any CPU.ActiveCfg = Release|Any CPU
		{55520250-5375-4DDF-B090-A2A23D202F0C}.Release|Any CPU.Build.0 = Release|Any CPU
	EndGlobalSection
	GlobalSection(SolutionProperties) = preSolution
		HideSolutionNode = FALSE
	EndGlobalSection
	GlobalSection(ExtensibilityGlobals) = postSolution
		SolutionGuid = {A03D7212-1807-4A0C-84B5-2D1020CEB0A4}
	EndGlobalSection
EndGlobal
